
Microsoft Visual Studio Solution File, Format Version 12.00
# Visual Studio Version 17
VisualStudioVersion = 17.8.34309.116
MinimumVisualStudioVersion = 10.0.40219.1
Project("{8BC9CEB8-8B4A-11D0-8D11-00A0C91BC942}") = "robert 3", "robert 3\robert 3.vcxproj", "{86622F50-1377-42E9-B783-9B294EAEC748}"
EndProject
Global
	GlobalSection(SolutionConfigurationPlatforms) = preSolution
		Debug|x64 = Debug|x64
		Debug|x86 = Debug|x86
		Release|x64 = Release|x64
		Release|x86 = Release|x86
	EndGlobalSection
	GlobalSection(ProjectConfigurationPlatforms) = postSolution
		{86622F50-1377-42E9-B783-9B294EAEC748}.Debug|x64.ActiveCfg = Debug|x64
		{86622F50-1377-42E9-B783-9B294EAEC748}.Debug|x64.Build.0 = Debug|x64
		{86622F50-1377-42E9-B783-9B294EAEC748}.Debug|x86.ActiveCfg = Debug|Win32
		{86622F50-1377-42E9-B783-9B294EAEC748}.Debug|x86.Build.0 = Debug|Win32
		{86622F50-1377-42E9-B783-9B294EAEC748}.Release|x64.ActiveCfg = Release|x64
		{86622F50-1377-42E9-B783-9B294EAEC748}.Release|x64.Build.0 = Release|x64
		{86622F50-1377-42E9-B783-9B294EAEC748}.Release|x86.ActiveCfg = Release|Win32
		{86622F50-1377-42E9-B783-9B294EAEC748}.Release|x86.Build.0 = Release|Win32
	EndGlobalSection
	GlobalSection(SolutionProperties) = preSolution
		HideSolutionNode = FALSE
	EndGlobalSection
	GlobalSection(ExtensibilityGlobals) = postSolution
		SolutionGuid = {0F9CE67B-A692-4DDD-8864-6AC544CD0470}
	EndGlobalSection
EndGlobal
